
Microsoft Visual Studio Solution File, Format Version 12.00
# Visual Studio Version 16
VisualStudioVersion = 16.0.32106.194
MinimumVisualStudioVersion = 10.0.40219.1
Project("{FAE04EC0-301F-11D3-BF4B-00C04F79EFBC}") = "OPANDFILES", "OPANDFILES\OPANDFILES.csproj", "{EDBCB116-94D6-4B22-961B-0384D866D0BA}"
EndProject
Global
	GlobalSection(SolutionConfigurationPlatforms) = preSolution
		Debug|Any CPU = Debug|Any CPU
		Release|Any CPU = Release|Any CPU
	EndGlobalSection
	GlobalSection(ProjectConfigurationPlatforms) = postSolution
		{EDBCB116-94D6-4B22-961B-0384D866D0BA}.Debug|Any CPU.ActiveCfg = Debug|Any CPU
		{EDBCB116-94D6-4B22-961B-0384D866D0BA}.Debug|Any CPU.Build.0 = Debug|Any CPU
		{EDBCB116-94D6-4B22-961B-0384D866D0BA}.Release|Any CPU.ActiveCfg = Release|Any CPU
		{EDBCB116-94D6-4B22-961B-0384D866D0BA}.Release|Any CPU.Build.0 = Release|Any CPU
	EndGlobalSection
	GlobalSection(SolutionProperties) = preSolution
		HideSolutionNode = FALSE
	EndGlobalSection
	GlobalSection(ExtensibilityGlobals) = postSolution
		SolutionGuid = {0829EA02-6073-4CAA-9377-C41E2EA8B07B}
	EndGlobalSection
EndGlobal
